
Microsoft Visual Studio Solution File, Format Version 12.00
Project("{FAE04EC0-301F-11D3-BF4B-00C04F79EFBC}") = "Hello world", "Hello world\Hello world.csproj", "{EA888150-45D6-4A97-8470-755C00990289}"
EndProject
Global
	GlobalSection(SolutionConfigurationPlatforms) = preSolution
		Debug|Any CPU = Debug|Any CPU
		Release|Any CPU = Release|Any CPU
	EndGlobalSection
	GlobalSection(ProjectConfigurationPlatforms) = postSolution
		{EA888150-45D6-4A97-8470-755C00990289}.Debug|Any CPU.ActiveCfg = Debug|Any CPU
		{EA888150-45D6-4A97-8470-755C00990289}.Debug|Any CPU.Build.0 = Debug|Any CPU
		{EA888150-45D6-4A97-8470-755C00990289}.Release|Any CPU.ActiveCfg = Release|Any CPU
		{EA888150-45D6-4A97-8470-755C00990289}.Release|Any CPU.Build.0 = Release|Any CPU
	EndGlobalSection
EndGlobal
